// !$*UTF8*$!
{
	archiveVersion = 1;
	classes = {
	};
	objectVersion = 56;
	objects = {

/* Begin PBXBuildFile section */
		4547A01E29EDC8C100376A5D /* openbox.icns in Resources */ = {isa = PBXBuildFile; fileRef = 4547A01C29EDC8C100376A5D /* openbox.icns */; };
		4547A01F29EDC8C100376A5D /* openbox.icns in Resources */ = {isa = PBXBuildFile; fileRef = 4547A01C29EDC8C100376A5D /* openbox.icns */; };
		4547A02029EDC8C100376A5D /* sealedbox.icns in Resources */ = {isa = PBXBuildFile; fileRef = 4547A01D29EDC8C100376A5D /* sealedbox.icns */; };
		4547A02129EDC8C100376A5D /* sealedbox.icns in Resources */ = {isa = PBXBuildFile; fileRef = 4547A01D29EDC8C100376A5D /* sealedbox.icns */; };
		454D87FC29D5C3D100ACAC57 /* DemoApp.swift in Sources */ = {isa = PBXBuildFile; fileRef = 454D87FB29D5C3D100ACAC57 /* DemoApp.swift */; };
		454D87FE29D5C3D100ACAC57 /* ContentView.swift in Sources */ = {isa = PBXBuildFile; fileRef = 454D87FD29D5C3D100ACAC57 /* ContentView.swift */; };
		454D880029D5C3D200ACAC57 /* Assets.xcassets in Resources */ = {isa = PBXBuildFile; fileRef = 454D87FF29D5C3D200ACAC57 /* Assets.xcassets */; };
		454D880429D5C3D200ACAC57 /* Preview Assets.xcassets in Resources */ = {isa = PBXBuildFile; fileRef = 454D880329D5C3D200ACAC57 /* Preview Assets.xcassets */; };
		454D881229D5C43800ACAC57 /* DemoProviderApp.swift in Sources */ = {isa = PBXBuildFile; fileRef = 454D881129D5C43800ACAC57 /* DemoProviderApp.swift */; };
		454D881429D5C43800ACAC57 /* ContentView.swift in Sources */ = {isa = PBXBuildFile; fileRef = 454D881329D5C43800ACAC57 /* ContentView.swift */; };
		454D881629D5C43900ACAC57 /* Assets.xcassets in Resources */ = {isa = PBXBuildFile; fileRef = 454D881529D5C43900ACAC57 /* Assets.xcassets */; };
		454D881A29D5C43900ACAC57 /* Preview Assets.xcassets in Resources */ = {isa = PBXBuildFile; fileRef = 454D881929D5C43900ACAC57 /* Preview Assets.xcassets */; };
		45C401FE29DD69A300D1D0D1 /* UniversalVaultMigrationUI in Frameworks */ = {isa = PBXBuildFile; productRef = 45C401FD29DD69A300D1D0D1 /* UniversalVaultMigrationUI */; };
		45C4020029DD69AA00D1D0D1 /* UniversalVaultMigrationUI in Frameworks */ = {isa = PBXBuildFile; productRef = 45C401FF29DD69AA00D1D0D1 /* UniversalVaultMigrationUI */; };
/* End PBXBuildFile section */

/* Begin PBXFileReference section */
		4547A01C29EDC8C100376A5D /* openbox.icns */ = {isa = PBXFileReference; lastKnownFileType = image.icns; path = openbox.icns; sourceTree = "<group>"; };
		4547A01D29EDC8C100376A5D /* sealedbox.icns */ = {isa = PBXFileReference; lastKnownFileType = image.icns; path = sealedbox.icns; sourceTree = "<group>"; };
		454D87F829D5C3D100ACAC57 /* Demo.app */ = {isa = PBXFileReference; explicitFileType = wrapper.application; includeInIndex = 0; path = Demo.app; sourceTree = BUILT_PRODUCTS_DIR; };
		454D87FB29D5C3D100ACAC57 /* DemoApp.swift */ = {isa = PBXFileReference; lastKnownFileType = sourcecode.swift; path = DemoApp.swift; sourceTree = "<group>"; };
		454D87FD29D5C3D100ACAC57 /* ContentView.swift */ = {isa = PBXFileReference; lastKnownFileType = sourcecode.swift; path = ContentView.swift; sourceTree = "<group>"; };
		454D87FF29D5C3D200ACAC57 /* Assets.xcassets */ = {isa = PBXFileReference; lastKnownFileType = folder.assetcatalog; path = Assets.xcassets; sourceTree = "<group>"; };
		454D880129D5C3D200ACAC57 /* Demo.entitlements */ = {isa = PBXFileReference; lastKnownFileType = text.plist.entitlements; path = Demo.entitlements; sourceTree = "<group>"; };
		454D880329D5C3D200ACAC57 /* Preview Assets.xcassets */ = {isa = PBXFileReference; lastKnownFileType = folder.assetcatalog; path = "Preview Assets.xcassets"; sourceTree = "<group>"; };
		454D880F29D5C43800ACAC57 /* DemoProvider.app */ = {isa = PBXFileReference; explicitFileType = wrapper.application; includeInIndex = 0; path = DemoProvider.app; sourceTree = BUILT_PRODUCTS_DIR; };
		454D881129D5C43800ACAC57 /* DemoProviderApp.swift */ = {isa = PBXFileReference; lastKnownFileType = sourcecode.swift; path = DemoProviderApp.swift; sourceTree = "<group>"; };
		454D881329D5C43800ACAC57 /* ContentView.swift */ = {isa = PBXFileReference; lastKnownFileType = sourcecode.swift; path = ContentView.swift; sourceTree = "<group>"; };
		454D881529D5C43900ACAC57 /* Assets.xcassets */ = {isa = PBXFileReference; lastKnownFileType = folder.assetcatalog; path = Assets.xcassets; sourceTree = "<group>"; };
		454D881729D5C43900ACAC57 /* DemoProvider.entitlements */ = {isa = PBXFileReference; lastKnownFileType = text.plist.entitlements; path = DemoProvider.entitlements; sourceTree = "<group>"; };
		454D881929D5C43900ACAC57 /* Preview Assets.xcassets */ = {isa = PBXFileReference; lastKnownFileType = folder.assetcatalog; path = "Preview Assets.xcassets"; sourceTree = "<group>"; };
		454D882C29D612C200ACAC57 /* Info.plist */ = {isa = PBXFileReference; lastKnownFileType = text.plist; path = Info.plist; sourceTree = "<group>"; };
		454D882D29D612C700ACAC57 /* Info.plist */ = {isa = PBXFileReference; lastKnownFileType = text.plist; path = Info.plist; sourceTree = "<group>"; };
		45C401FC29DD699500D1D0D1 /* UniversalVaultMigration  */ = {isa = PBXFileReference; lastKnownFileType = wrapper; name = "UniversalVaultMigration "; path = ..; sourceTree = "<group>"; };
/* End PBXFileReference section */

/* Begin PBXFrameworksBuildPhase section */
		454D87F529D5C3D100ACAC57 /* Frameworks */ = {
			isa = PBXFrameworksBuildPhase;
			buildActionMask = 2147483647;
			files = (
				45C401FE29DD69A300D1D0D1 /* UniversalVaultMigrationUI in Frameworks */,
			);
			runOnlyForDeploymentPostprocessing = 0;
		};
		454D880C29D5C43800ACAC57 /* Frameworks */ = {
			isa = PBXFrameworksBuildPhase;
			buildActionMask = 2147483647;
			files = (
				45C4020029DD69AA00D1D0D1 /* UniversalVaultMigrationUI in Frameworks */,
			);
			runOnlyForDeploymentPostprocessing = 0;
		};
/* End PBXFrameworksBuildPhase section */

/* Begin PBXGroup section */
		454D87EF29D5C3D100ACAC57 = {
			isa = PBXGroup;
			children = (
				45C401FA29DD695E00D1D0D1 /* Packages */,
				454D87FA29D5C3D100ACAC57 /* Demo */,
				454D881029D5C43800ACAC57 /* DemoProvider */,
				454D87F929D5C3D100ACAC57 /* Products */,
				454D882229D5C76000ACAC57 /* Frameworks */,
			);
			sourceTree = "<group>";
		};
		454D87F929D5C3D100ACAC57 /* Products */ = {
			isa = PBXGroup;
			children = (
				454D87F829D5C3D100ACAC57 /* Demo.app */,
				454D880F29D5C43800ACAC57 /* DemoProvider.app */,
			);
			name = Products;
			sourceTree = "<group>";
		};
		454D87FA29D5C3D100ACAC57 /* Demo */ = {
			isa = PBXGroup;
			children = (
				454D882C29D612C200ACAC57 /* Info.plist */,
				454D87FB29D5C3D100ACAC57 /* DemoApp.swift */,
				454D87FD29D5C3D100ACAC57 /* ContentView.swift */,
				454D87FF29D5C3D200ACAC57 /* Assets.xcassets */,
				454D880129D5C3D200ACAC57 /* Demo.entitlements */,
				4547A01C29EDC8C100376A5D /* openbox.icns */,
				4547A01D29EDC8C100376A5D /* sealedbox.icns */,
				454D880229D5C3D200ACAC57 /* Preview Content */,
			);
			path = Demo;
			sourceTree = "<group>";
		};
		454D880229D5C3D200ACAC57 /* Preview Content */ = {
			isa = PBXGroup;
			children = (
				454D880329D5C3D200ACAC57 /* Preview Assets.xcassets */,
			);
			path = "Preview Content";
			sourceTree = "<group>";
		};
		454D881029D5C43800ACAC57 /* DemoProvider */ = {
			isa = PBXGroup;
			children = (
				454D882D29D612C700ACAC57 /* Info.plist */,
				454D881129D5C43800ACAC57 /* DemoProviderApp.swift */,
				454D881329D5C43800ACAC57 /* ContentView.swift */,
				454D881529D5C43900ACAC57 /* Assets.xcassets */,
				454D881729D5C43900ACAC57 /* DemoProvider.entitlements */,
				454D881829D5C43900ACAC57 /* Preview Content */,
			);
			path = DemoProvider;
			sourceTree = "<group>";
		};
		454D881829D5C43900ACAC57 /* Preview Content */ = {
			isa = PBXGroup;
			children = (
				454D881929D5C43900ACAC57 /* Preview Assets.xcassets */,
			);
			path = "Preview Content";
			sourceTree = "<group>";
		};
		454D882229D5C76000ACAC57 /* Frameworks */ = {
			isa = PBXGroup;
			children = (
			);
			name = Frameworks;
			sourceTree = "<group>";
		};
		45C401FA29DD695E00D1D0D1 /* Packages */ = {
			isa = PBXGroup;
			children = (
				45C401FC29DD699500D1D0D1 /* UniversalVaultMigration  */,
			);
			name = Packages;
			sourceTree = "<group>";
		};
/* End PBXGroup section */

/* Begin PBXNativeTarget section */
		454D87F729D5C3D100ACAC57 /* Demo */ = {
			isa = PBXNativeTarget;
			buildConfigurationList = 454D880729D5C3D200ACAC57 /* Build configuration list for PBXNativeTarget "Demo" */;
			buildPhases = (
				454D87F429D5C3D100ACAC57 /* Sources */,
				454D87F529D5C3D100ACAC57 /* Frameworks */,
				454D87F629D5C3D100ACAC57 /* Resources */,
			);
			buildRules = (
			);
			dependencies = (
			);
			name = Demo;
			packageProductDependencies = (
				45C401FD29DD69A300D1D0D1 /* UniversalVaultMigrationUI */,
			);
			productName = Demo;
			productReference = 454D87F829D5C3D100ACAC57 /* Demo.app */;
			productType = "com.apple.product-type.application";
		};
		454D880E29D5C43800ACAC57 /* DemoProvider */ = {
			isa = PBXNativeTarget;
			buildConfigurationList = 454D881B29D5C43900ACAC57 /* Build configuration list for PBXNativeTarget "DemoProvider" */;
			buildPhases = (
				454D880B29D5C43800ACAC57 /* Sources */,
				454D880C29D5C43800ACAC57 /* Frameworks */,
				454D880D29D5C43800ACAC57 /* Resources */,
			);
			buildRules = (
			);
			dependencies = (
			);
			name = DemoProvider;
			packageProductDependencies = (
				45C401FF29DD69AA00D1D0D1 /* UniversalVaultMigrationUI */,
			);
			productName = DemoProvider;
			productReference = 454D880F29D5C43800ACAC57 /* DemoProvider.app */;
			productType = "com.apple.product-type.application";
		};
/* End PBXNativeTarget section */

/* Begin PBXProject section */
		454D87F029D5C3D100ACAC57 /* Project object */ = {
			isa = PBXProject;
			attributes = {
				BuildIndependentTargetsInParallel = 1;
				LastSwiftUpdateCheck = 1420;
				LastUpgradeCheck = 1420;
				TargetAttributes = {
					454D87F729D5C3D100ACAC57 = {
						CreatedOnToolsVersion = 14.2;
					};
					454D880E29D5C43800ACAC57 = {
						CreatedOnToolsVersion = 14.2;
					};
				};
			};
			buildConfigurationList = 454D87F329D5C3D100ACAC57 /* Build configuration list for PBXProject "Demo" */;
			compatibilityVersion = "Xcode 14.0";
			developmentRegion = en;
			hasScannedForEncodings = 0;
			knownRegions = (
				en,
				Base,
			);
			mainGroup = 454D87EF29D5C3D100ACAC57;
			productRefGroup = 454D87F929D5C3D100ACAC57 /* Products */;
			projectDirPath = "";
			projectRoot = "";
			targets = (
				454D87F729D5C3D100ACAC57 /* Demo */,
				454D880E29D5C43800ACAC57 /* DemoProvider */,
			);
		};
/* End PBXProject section */

/* Begin PBXResourcesBuildPhase section */
		454D87F629D5C3D100ACAC57 /* Resources */ = {
			isa = PBXResourcesBuildPhase;
			buildActionMask = 2147483647;
			files = (
				4547A02029EDC8C100376A5D /* sealedbox.icns in Resources */,
				454D880429D5C3D200ACAC57 /* Preview Assets.xcassets in Resources */,
				454D880029D5C3D200ACAC57 /* Assets.xcassets in Resources */,
				4547A01E29EDC8C100376A5D /* openbox.icns in Resources */,
			);
			runOnlyForDeploymentPostprocessing = 0;
		};
		454D880D29D5C43800ACAC57 /* Resources */ = {
			isa = PBXResourcesBuildPhase;
			buildActionMask = 2147483647;
			files = (
				4547A02129EDC8C100376A5D /* sealedbox.icns in Resources */,
				454D881A29D5C43900ACAC57 /* Preview Assets.xcassets in Resources */,
				454D881629D5C43900ACAC57 /* Assets.xcassets in Resources */,
				4547A01F29EDC8C100376A5D /* openbox.icns in Resources */,
			);
			runOnlyForDeploymentPostprocessing = 0;
		};
/* End PBXResourcesBuildPhase section */

/* Begin PBXSourcesBuildPhase section */
		454D87F429D5C3D100ACAC57 /* Sources */ = {
			isa = PBXSourcesBuildPhase;
			buildActionMask = 2147483647;
			files = (
				454D87FE29D5C3D100ACAC57 /* ContentView.swift in Sources */,
				454D87FC29D5C3D100ACAC57 /* DemoApp.swift in Sources */,
			);
			runOnlyForDeploymentPostprocessing = 0;
		};
		454D880B29D5C43800ACAC57 /* Sources */ = {
			isa = PBXSourcesBuildPhase;
			buildActionMask = 2147483647;
			files = (
				454D881429D5C43800ACAC57 /* ContentView.swift in Sources */,
				454D881229D5C43800ACAC57 /* DemoProviderApp.swift in Sources */,
			);
			runOnlyForDeploymentPostprocessing = 0;
		};
/* End PBXSourcesBuildPhase section */

/* Begin XCBuildConfiguration section */
		454D880529D5C3D200ACAC57 /* Debug */ = {
			isa = XCBuildConfiguration;
			buildSettings = {
				ALWAYS_SEARCH_USER_PATHS = NO;
				CLANG_ANALYZER_NONNULL = YES;
				CLANG_ANALYZER_NUMBER_OBJECT_CONVERSION = YES_AGGRESSIVE;
				CLANG_CXX_LANGUAGE_STANDARD = "gnu++20";
				CLANG_ENABLE_MODULES = YES;
				CLANG_ENABLE_OBJC_ARC = YES;
				CLANG_ENABLE_OBJC_WEAK = YES;
				CLANG_WARN_BLOCK_CAPTURE_AUTORELEASING = YES;
				CLANG_WARN_BOOL_CONVERSION = YES;
				CLANG_WARN_COMMA = YES;
				CLANG_WARN_CONSTANT_CONVERSION = YES;
				CLANG_WARN_DEPRECATED_OBJC_IMPLEMENTATIONS = YES;
				CLANG_WARN_DIRECT_OBJC_ISA_USAGE = YES_ERROR;
				CLANG_WARN_DOCUMENTATION_COMMENTS = YES;
				CLANG_WARN_EMPTY_BODY = YES;
				CLANG_WARN_ENUM_CONVERSION = YES;
				CLANG_WARN_INFINITE_RECURSION = YES;
				CLANG_WARN_INT_CONVERSION = YES;
				CLANG_WARN_NON_LITERAL_NULL_CONVERSION = YES;
				CLANG_WARN_OBJC_IMPLICIT_RETAIN_SELF = YES;
				CLANG_WARN_OBJC_LITERAL_CONVERSION = YES;
				CLANG_WARN_OBJC_ROOT_CLASS = YES_ERROR;
				CLANG_WARN_QUOTED_INCLUDE_IN_FRAMEWORK_HEADER = YES;
				CLANG_WARN_RANGE_LOOP_ANALYSIS = YES;
				CLANG_WARN_STRICT_PROTOTYPES = YES;
				CLANG_WARN_SUSPICIOUS_MOVE = YES;
				CLANG_WARN_UNGUARDED_AVAILABILITY = YES_AGGRESSIVE;
				CLANG_WARN_UNREACHABLE_CODE = YES;
				CLANG_WARN__DUPLICATE_METHOD_MATCH = YES;
				COPY_PHASE_STRIP = NO;
				DEBUG_INFORMATION_FORMAT = dwarf;
				ENABLE_STRICT_OBJC_MSGSEND = YES;
				ENABLE_TESTABILITY = YES;
				GCC_C_LANGUAGE_STANDARD = gnu11;
				GCC_DYNAMIC_NO_PIC = NO;
				GCC_NO_COMMON_BLOCKS = YES;
				GCC_OPTIMIZATION_LEVEL = 0;
				GCC_PREPROCESSOR_DEFINITIONS = (
					"DEBUG=1",
					"$(inherited)",
				);
				GCC_WARN_64_TO_32_BIT_CONVERSION = YES;
				GCC_WARN_ABOUT_RETURN_TYPE = YES_ERROR;
				GCC_WARN_UNDECLARED_SELECTOR = YES;
				GCC_WARN_UNINITIALIZED_AUTOS = YES_AGGRESSIVE;
				GCC_WARN_UNUSED_FUNCTION = YES;
				GCC_WARN_UNUSED_VARIABLE = YES;
				MTL_ENABLE_DEBUG_INFO = INCLUDE_SOURCE;
				MTL_FAST_MATH = YES;
				ONLY_ACTIVE_ARCH = YES;
				SWIFT_ACTIVE_COMPILATION_CONDITIONS = DEBUG;
				SWIFT_OPTIMIZATION_LEVEL = "-Onone";
			};
			name = Debug;
		};
		454D880629D5C3D200ACAC57 /* Release */ = {
			isa = XCBuildConfiguration;
			buildSettings = {
				ALWAYS_SEARCH_USER_PATHS = NO;
				CLANG_ANALYZER_NONNULL = YES;
				CLANG_ANALYZER_NUMBER_OBJECT_CONVERSION = YES_AGGRESSIVE;
				CLANG_CXX_LANGUAGE_STANDARD = "gnu++20";
				CLANG_ENABLE_MODULES = YES;
				CLANG_ENABLE_OBJC_ARC = YES;
				CLANG_ENABLE_OBJC_WEAK = YES;
				CLANG_WARN_BLOCK_CAPTURE_AUTORELEASING = YES;
				CLANG_WARN_BOOL_CONVERSION = YES;
				CLANG_WARN_COMMA = YES;
				CLANG_WARN_CONSTANT_CONVERSION = YES;
				CLANG_WARN_DEPRECATED_OBJC_IMPLEMENTATIONS = YES;
				CLANG_WARN_DIRECT_OBJC_ISA_USAGE = YES_ERROR;
				CLANG_WARN_DOCUMENTATION_COMMENTS = YES;
				CLANG_WARN_EMPTY_BODY = YES;
				CLANG_WARN_ENUM_CONVERSION = YES;
				CLANG_WARN_INFINITE_RECURSION = YES;
				CLANG_WARN_INT_CONVERSION = YES;
				CLANG_WARN_NON_LITERAL_NULL_CONVERSION = YES;
				CLANG_WARN_OBJC_IMPLICIT_RETAIN_SELF = YES;
				CLANG_WARN_OBJC_LITERAL_CONVERSION = YES;
				CLANG_WARN_OBJC_ROOT_CLASS = YES_ERROR;
				CLANG_WARN_QUOTED_INCLUDE_IN_FRAMEWORK_HEADER = YES;
				CLANG_WARN_RANGE_LOOP_ANALYSIS = YES;
				CLANG_WARN_STRICT_PROTOTYPES = YES;
				CLANG_WARN_SUSPICIOUS_MOVE = YES;
				CLANG_WARN_UNGUARDED_AVAILABILITY = YES_AGGRESSIVE;
				CLANG_WARN_UNREACHABLE_CODE = YES;
				CLANG_WARN__DUPLICATE_METHOD_MATCH = YES;
				COPY_PHASE_STRIP = NO;
				DEBUG_INFORMATION_FORMAT = "dwarf-with-dsym";
				ENABLE_NS_ASSERTIONS = NO;
				ENABLE_STRICT_OBJC_MSGSEND = YES;
				GCC_C_LANGUAGE_STANDARD = gnu11;
				GCC_NO_COMMON_BLOCKS = YES;
				GCC_WARN_64_TO_32_BIT_CONVERSION = YES;
				GCC_WARN_ABOUT_RETURN_TYPE = YES_ERROR;
				GCC_WARN_UNDECLARED_SELECTOR = YES;
				GCC_WARN_UNINITIALIZED_AUTOS = YES_AGGRESSIVE;
				GCC_WARN_UNUSED_FUNCTION = YES;
				GCC_WARN_UNUSED_VARIABLE = YES;
				MTL_ENABLE_DEBUG_INFO = NO;
				MTL_FAST_MATH = YES;
				SWIFT_COMPILATION_MODE = wholemodule;
				SWIFT_OPTIMIZATION_LEVEL = "-O";
			};
			name = Release;
		};
		454D880829D5C3D200ACAC57 /* Debug */ = {
			isa = XCBuildConfiguration;
			buildSettings = {
				ASSETCATALOG_COMPILER_APPICON_NAME = AppIcon;
				ASSETCATALOG_COMPILER_GLOBAL_ACCENT_COLOR_NAME = AccentColor;
				CODE_SIGN_ENTITLEMENTS = Demo/Demo.entitlements;
				CODE_SIGN_STYLE = Automatic;
				CURRENT_PROJECT_VERSION = 1;
				DEVELOPMENT_ASSET_PATHS = "\"Demo/Preview Content\"";
				DEVELOPMENT_TEAM = "";
				ENABLE_HARDENED_RUNTIME = YES;
				ENABLE_PREVIEWS = YES;
				GENERATE_INFOPLIST_FILE = YES;
				INFOPLIST_FILE = Demo/Info.plist;
				"INFOPLIST_KEY_UIApplicationSceneManifest_Generation[sdk=iphoneos*]" = YES;
				"INFOPLIST_KEY_UIApplicationSceneManifest_Generation[sdk=iphonesimulator*]" = YES;
				"INFOPLIST_KEY_UIApplicationSupportsIndirectInputEvents[sdk=iphoneos*]" = YES;
				"INFOPLIST_KEY_UIApplicationSupportsIndirectInputEvents[sdk=iphonesimulator*]" = YES;
				"INFOPLIST_KEY_UILaunchScreen_Generation[sdk=iphoneos*]" = YES;
				"INFOPLIST_KEY_UILaunchScreen_Generation[sdk=iphonesimulator*]" = YES;
				"INFOPLIST_KEY_UIStatusBarStyle[sdk=iphoneos*]" = UIStatusBarStyleDefault;
				"INFOPLIST_KEY_UIStatusBarStyle[sdk=iphonesimulator*]" = UIStatusBarStyleDefault;
				INFOPLIST_KEY_UISupportedInterfaceOrientations_iPad = "UIInterfaceOrientationPortrait UIInterfaceOrientationPortraitUpsideDown UIInterfaceOrientationLandscapeLeft UIInterfaceOrientationLandscapeRight";
				INFOPLIST_KEY_UISupportedInterfaceOrientations_iPhone = "UIInterfaceOrientationPortrait UIInterfaceOrientationLandscapeLeft UIInterfaceOrientationLandscapeRight";
				IPHONEOS_DEPLOYMENT_TARGET = 16.2;
				LD_RUNPATH_SEARCH_PATHS = "@executable_path/Frameworks";
				"LD_RUNPATH_SEARCH_PATHS[sdk=macosx*]" = "@executable_path/../Frameworks";
				MACOSX_DEPLOYMENT_TARGET = 13.1;
				MARKETING_VERSION = 1.0;
				PRODUCT_BUNDLE_IDENTIFIER = noidentifier.Demo;
				PRODUCT_NAME = "$(TARGET_NAME)";
				SDKROOT = auto;
				SUPPORTED_PLATFORMS = "iphoneos iphonesimulator macosx";
				SWIFT_EMIT_LOC_STRINGS = YES;
				SWIFT_VERSION = 5.0;
				TARGETED_DEVICE_FAMILY = "1,2";
			};
			name = Debug;
		};
		454D880929D5C3D200ACAC57 /* Release */ = {
			isa = XCBuildConfiguration;
			buildSettings = {
				ASSETCATALOG_COMPILER_APPICON_NAME = AppIcon;
				ASSETCATALOG_COMPILER_GLOBAL_ACCENT_COLOR_NAME = AccentColor;
				CODE_SIGN_ENTITLEMENTS = Demo/Demo.entitlements;
				CODE_SIGN_STYLE = Automatic;
				CURRENT_PROJECT_VERSION = 1;
				DEVELOPMENT_ASSET_PATHS = "\"Demo/Preview Content\"";
				DEVELOPMENT_TEAM = "";
				ENABLE_HARDENED_RUNTIME = YES;
				ENABLE_PREVIEWS = YES;
				GENERATE_INFOPLIST_FILE = YES;
				INFOPLIST_FILE = Demo/Info.plist;
				"INFOPLIST_KEY_UIApplicationSceneManifest_Generation[sdk=iphoneos*]" = YES;
				"INFOPLIST_KEY_UIApplicationSceneManifest_Generation[sdk=iphonesimulator*]" = YES;
				"INFOPLIST_KEY_UIApplicationSupportsIndirectInputEvents[sdk=iphoneos*]" = YES;
				"INFOPLIST_KEY_UIApplicationSupportsIndirectInputEvents[sdk=iphonesimulator*]" = YES;
				"INFOPLIST_KEY_UILaunchScreen_Generation[sdk=iphoneos*]" = YES;
				"INFOPLIST_KEY_UILaunchScreen_Generation[sdk=iphonesimulator*]" = YES;
				"INFOPLIST_KEY_UIStatusBarStyle[sdk=iphoneos*]" = UIStatusBarStyleDefault;
				"INFOPLIST_KEY_UIStatusBarStyle[sdk=iphonesimulator*]" = UIStatusBarStyleDefault;
				INFOPLIST_KEY_UISupportedInterfaceOrientations_iPad = "UIInterfaceOrientationPortrait UIInterfaceOrientationPortraitUpsideDown UIInterfaceOrientationLandscapeLeft UIInterfaceOrientationLandscapeRight";
				INFOPLIST_KEY_UISupportedInterfaceOrientations_iPhone = "UIInterfaceOrientationPortrait UIInterfaceOrientationLandscapeLeft UIInterfaceOrientationLandscapeRight";
				IPHONEOS_DEPLOYMENT_TARGET = 16.2;
				LD_RUNPATH_SEARCH_PATHS = "@executable_path/Frameworks";
				"LD_RUNPATH_SEARCH_PATHS[sdk=macosx*]" = "@executable_path/../Frameworks";
				MACOSX_DEPLOYMENT_TARGET = 13.1;
				MARKETING_VERSION = 1.0;
				PRODUCT_BUNDLE_IDENTIFIER = noidentifier.Demo;
				PRODUCT_NAME = "$(TARGET_NAME)";
				SDKROOT = auto;
				SUPPORTED_PLATFORMS = "iphoneos iphonesimulator macosx";
				SWIFT_EMIT_LOC_STRINGS = YES;
				SWIFT_VERSION = 5.0;
				TARGETED_DEVICE_FAMILY = "1,2";
			};
			name = Release;
		};
		454D881C29D5C43900ACAC57 /* Debug */ = {
			isa = XCBuildConfiguration;
			buildSettings = {
				ASSETCATALOG_COMPILER_APPICON_NAME = AppIcon;
				ASSETCATALOG_COMPILER_GLOBAL_ACCENT_COLOR_NAME = AccentColor;
				CODE_SIGN_ENTITLEMENTS = DemoProvider/DemoProvider.entitlements;
				CODE_SIGN_STYLE = Automatic;
				CURRENT_PROJECT_VERSION = 1;
				DEVELOPMENT_ASSET_PATHS = "\"DemoProvider/Preview Content\"";
				DEVELOPMENT_TEAM = "";
				ENABLE_HARDENED_RUNTIME = YES;
				ENABLE_PREVIEWS = YES;
				GENERATE_INFOPLIST_FILE = YES;
				INFOPLIST_FILE = DemoProvider/Info.plist;
				"INFOPLIST_KEY_UIApplicationSceneManifest_Generation[sdk=iphoneos*]" = YES;
				"INFOPLIST_KEY_UIApplicationSceneManifest_Generation[sdk=iphonesimulator*]" = YES;
				"INFOPLIST_KEY_UIApplicationSupportsIndirectInputEvents[sdk=iphoneos*]" = YES;
				"INFOPLIST_KEY_UIApplicationSupportsIndirectInputEvents[sdk=iphonesimulator*]" = YES;
				"INFOPLIST_KEY_UILaunchScreen_Generation[sdk=iphoneos*]" = YES;
				"INFOPLIST_KEY_UILaunchScreen_Generation[sdk=iphonesimulator*]" = YES;
				"INFOPLIST_KEY_UIStatusBarStyle[sdk=iphoneos*]" = UIStatusBarStyleDefault;
				"INFOPLIST_KEY_UIStatusBarStyle[sdk=iphonesimulator*]" = UIStatusBarStyleDefault;
				INFOPLIST_KEY_UISupportedInterfaceOrientations_iPad = "UIInterfaceOrientationPortrait UIInterfaceOrientationPortraitUpsideDown UIInterfaceOrientationLandscapeLeft UIInterfaceOrientationLandscapeRight";
				INFOPLIST_KEY_UISupportedInterfaceOrientations_iPhone = "UIInterfaceOrientationPortrait UIInterfaceOrientationLandscapeLeft UIInterfaceOrientationLandscapeRight";
				IPHONEOS_DEPLOYMENT_TARGET = 16.2;
				LD_RUNPATH_SEARCH_PATHS = "@executable_path/Frameworks";
				"LD_RUNPATH_SEARCH_PATHS[sdk=macosx*]" = "@executable_path/../Frameworks";
				MACOSX_DEPLOYMENT_TARGET = 13.1;
				MARKETING_VERSION = 1.0;
				PRODUCT_BUNDLE_IDENTIFIER = noidentifier.DemoProvider;
				PRODUCT_NAME = "$(TARGET_NAME)";
				SDKROOT = auto;
				SUPPORTED_PLATFORMS = "iphoneos iphonesimulator macosx";
				SWIFT_EMIT_LOC_STRINGS = YES;
				SWIFT_VERSION = 5.0;
				TARGETED_DEVICE_FAMILY = "1,2";
			};
			name = Debug;
		};
		454D881D29D5C43900ACAC57 /* Release */ = {
			isa = XCBuildConfiguration;
			buildSettings = {
				ASSETCATALOG_COMPILER_APPICON_NAME = AppIcon;
				ASSETCATALOG_COMPILER_GLOBAL_ACCENT_COLOR_NAME = AccentColor;
				CODE_SIGN_ENTITLEMENTS = DemoProvider/DemoProvider.entitlements;
				CODE_SIGN_STYLE = Automatic;
				CURRENT_PROJECT_VERSION = 1;
				DEVELOPMENT_ASSET_PATHS = "\"DemoProvider/Preview Content\"";
				DEVELOPMENT_TEAM = "";
				ENABLE_HARDENED_RUNTIME = YES;
				ENABLE_PREVIEWS = YES;
				GENERATE_INFOPLIST_FILE = YES;
				INFOPLIST_FILE = DemoProvider/Info.plist;
				"INFOPLIST_KEY_UIApplicationSceneManifest_Generation[sdk=iphoneos*]" = YES;
				"INFOPLIST_KEY_UIApplicationSceneManifest_Generation[sdk=iphonesimulator*]" = YES;
				"INFOPLIST_KEY_UIApplicationSupportsIndirectInputEvents[sdk=iphoneos*]" = YES;
				"INFOPLIST_KEY_UIApplicationSupportsIndirectInputEvents[sdk=iphonesimulator*]" = YES;
				"INFOPLIST_KEY_UILaunchScreen_Generation[sdk=iphoneos*]" = YES;
				"INFOPLIST_KEY_UILaunchScreen_Generation[sdk=iphonesimulator*]" = YES;
				"INFOPLIST_KEY_UIStatusBarStyle[sdk=iphoneos*]" = UIStatusBarStyleDefault;
				"INFOPLIST_KEY_UIStatusBarStyle[sdk=iphonesimulator*]" = UIStatusBarStyleDefault;
				INFOPLIST_KEY_UISupportedInterfaceOrientations_iPad = "UIInterfaceOrientationPortrait UIInterfaceOrientationPortraitUpsideDown UIInterfaceOrientationLandscapeLeft UIInterfaceOrientationLandscapeRight";
				INFOPLIST_KEY_UISupportedInterfaceOrientations_iPhone = "UIInterfaceOrientationPortrait UIInterfaceOrientationLandscapeLeft UIInterfaceOrientationLandscapeRight";
				IPHONEOS_DEPLOYMENT_TARGET = 16.2;
				LD_RUNPATH_SEARCH_PATHS = "@executable_path/Frameworks";
				"LD_RUNPATH_SEARCH_PATHS[sdk=macosx*]" = "@executable_path/../Frameworks";
				MACOSX_DEPLOYMENT_TARGET = 13.1;
				MARKETING_VERSION = 1.0;
				PRODUCT_BUNDLE_IDENTIFIER = noidentifier.DemoProvider;
				PRODUCT_NAME = "$(TARGET_NAME)";
				SDKROOT = auto;
				SUPPORTED_PLATFORMS = "iphoneos iphonesimulator macosx";
				SWIFT_EMIT_LOC_STRINGS = YES;
				SWIFT_VERSION = 5.0;
				TARGETED_DEVICE_FAMILY = "1,2";
			};
			name = Release;
		};
/* End XCBuildConfiguration section */

/* Begin XCConfigurationList section */
		454D87F329D5C3D100ACAC57 /* Build configuration list for PBXProject "Demo" */ = {
			isa = XCConfigurationList;
			buildConfigurations = (
				454D880529D5C3D200ACAC57 /* Debug */,
				454D880629D5C3D200ACAC57 /* Release */,
			);
			defaultConfigurationIsVisible = 0;
			defaultConfigurationName = Release;
		};
		454D880729D5C3D200ACAC57 /* Build configuration list for PBXNativeTarget "Demo" */ = {
			isa = XCConfigurationList;
			buildConfigurations = (
				454D880829D5C3D200ACAC57 /* Debug */,
				454D880929D5C3D200ACAC57 /* Release */,
			);
			defaultConfigurationIsVisible = 0;
			defaultConfigurationName = Release;
		};
		454D881B29D5C43900ACAC57 /* Build configuration list for PBXNativeTarget "DemoProvider" */ = {
			isa = XCConfigurationList;
			buildConfigurations = (
				454D881C29D5C43900ACAC57 /* Debug */,
				454D881D29D5C43900ACAC57 /* Release */,
			);
			defaultConfigurationIsVisible = 0;
			defaultConfigurationName = Release;
		};
/* End XCConfigurationList section */

/* Begin XCSwiftPackageProductDependency section */
		45C401FD29DD69A300D1D0D1 /* UniversalVaultMigrationUI */ = {
			isa = XCSwiftPackageProductDependency;
			productName = UniversalVaultMigrationUI;
		};
		45C401FF29DD69AA00D1D0D1 /* UniversalVaultMigrationUI */ = {
			isa = XCSwiftPackageProductDependency;
			productName = UniversalVaultMigrationUI;
		};
/* End XCSwiftPackageProductDependency section */
	};
	rootObject = 454D87F029D5C3D100ACAC57 /* Project object */;
}
